# This file is automatically @generated by Cargo.
# It is not intended for manual editing.
version = 4

[[package]]
name = "algorand-state-proof"
version = "0.1.0"
dependencies = [
 "merkle",
]

[[package]]
name = "keccak"
version = "0.1.0"

[[package]]
name = "merkle"
version = "0.1.0"
dependencies = [
 "sumhash",
]

[[package]]
name = "sumhash"
version = "0.1.0"
dependencies = [
 "keccak",
]
